
Microsoft Visual Studio Solution File, Format Version 12.00
# Visual Studio 15
Project("{FAE04EC0-301F-11D3-BF4B-00C04F79EFBC}") = "InnovaSolutionAPI", "InnovaSolutionAPI\InnovaSolutionAPI.csproj", "{97AC4FF3-56BA-4D26-BA23-5676D23F4010}"
EndProject
Project("{2150E333-8FDC-42A3-9474-1A3956D46DE8}") = "Providers", "Providers", "{A3342A8F-3DE3-4B26-BB56-A153F2B5549A}"
EndProject
Project("{FAE04EC0-301F-11D3-BF4B-00C04F79EFBC}") = "ServiceProvider", "ServiceProvider\ServiceProvider.csproj", "{3FA74A5C-E840-4E00-91BE-53F39647FC41}"
EndProject
Project("{2150E333-8FDC-42A3-9474-1A3956D46DE8}") = "DataTransferModel", "DataTransferModel", "{F19748E0-9C80-434C-99B0-57078197F41D}"
EndProject
Project("{FAE04EC0-301F-11D3-BF4B-00C04F79EFBC}") = "ReadModel", "ReadModel\ReadModel.csproj", "{35508610-FB59-41B4-9813-23BD4457B29E}"
EndProject
Project("{FAE04EC0-301F-11D3-BF4B-00C04F79EFBC}") = "WriteModel", "DataTransferModel\WriteModel\WriteModel.csproj", "{620F84A1-6262-4B46-A142-0706D1422610}"
EndProject
Project("{2150E333-8FDC-42A3-9474-1A3956D46DE8}") = "Extension", "Extension", "{2775A67B-5AAF-4F1B-A0C1-2E824CBCEC99}"
EndProject
Project("{FAE04EC0-301F-11D3-BF4B-00C04F79EFBC}") = "Extension", "Extension\Extension\Extension.csproj", "{2C15CFD6-1C3B-4B5F-8DC8-8A1DA1A4782A}"
EndProject
Project("{2150E333-8FDC-42A3-9474-1A3956D46DE8}") = "BusinessService", "BusinessService", "{5E900151-7F2A-4AE7-A173-4D748524C3EB}"
EndProject
Project("{FAE04EC0-301F-11D3-BF4B-00C04F79EFBC}") = "BusinessService", "BusinessService\BusinessService\BusinessService.csproj", "{9017C24D-C6EE-423F-81E5-6D45D69BE7D1}"
EndProject
Project("{FAE04EC0-301F-11D3-BF4B-00C04F79EFBC}") = "EngineFactory", "BusinessService\EngineFactory\EngineFactory\EngineFactory.csproj", "{030203F7-B90B-488C-A873-83E0C562D48D}"
EndProject
Project("{2150E333-8FDC-42A3-9474-1A3956D46DE8}") = "CoreEngine", "CoreEngine", "{269FA1C3-0CF3-4856-91B3-69DAB3F788FE}"
EndProject
Project("{FAE04EC0-301F-11D3-BF4B-00C04F79EFBC}") = "RelationalEngine", "CoreEngine\RelationalEngine\RelationalEngine\RelationalEngine.csproj", "{C43734AA-4C41-4D49-9EE8-358447097886}"
EndProject
Project("{FAE04EC0-301F-11D3-BF4B-00C04F79EFBC}") = "DataModel", "CoreEngine\RelationalEngine\DataModel\DataModel\DataModel.csproj", "{41FE6BB8-1885-4E29-8031-5393C49455E5}"
EndProject
Global
	GlobalSection(SolutionConfigurationPlatforms) = preSolution
		Debug|Any CPU = Debug|Any CPU
		Release|Any CPU = Release|Any CPU
	EndGlobalSection
	GlobalSection(ProjectConfigurationPlatforms) = postSolution
		{97AC4FF3-56BA-4D26-BA23-5676D23F4010}.Debug|Any CPU.ActiveCfg = Debug|Any CPU
		{97AC4FF3-56BA-4D26-BA23-5676D23F4010}.Debug|Any CPU.Build.0 = Debug|Any CPU
		{97AC4FF3-56BA-4D26-BA23-5676D23F4010}.Release|Any CPU.ActiveCfg = Release|Any CPU
		{97AC4FF3-56BA-4D26-BA23-5676D23F4010}.Release|Any CPU.Build.0 = Release|Any CPU
		{3FA74A5C-E840-4E00-91BE-53F39647FC41}.Debug|Any CPU.ActiveCfg = Debug|Any CPU
		{3FA74A5C-E840-4E00-91BE-53F39647FC41}.Debug|Any CPU.Build.0 = Debug|Any CPU
		{3FA74A5C-E840-4E00-91BE-53F39647FC41}.Release|Any CPU.ActiveCfg = Release|Any CPU
		{3FA74A5C-E840-4E00-91BE-53F39647FC41}.Release|Any CPU.Build.0 = Release|Any CPU
		{35508610-FB59-41B4-9813-23BD4457B29E}.Debug|Any CPU.ActiveCfg = Debug|Any CPU
		{35508610-FB59-41B4-9813-23BD4457B29E}.Debug|Any CPU.Build.0 = Debug|Any CPU
		{35508610-FB59-41B4-9813-23BD4457B29E}.Release|Any CPU.ActiveCfg = Release|Any CPU
		{35508610-FB59-41B4-9813-23BD4457B29E}.Release|Any CPU.Build.0 = Release|Any CPU
		{620F84A1-6262-4B46-A142-0706D1422610}.Debug|Any CPU.ActiveCfg = Debug|Any CPU
		{620F84A1-6262-4B46-A142-0706D1422610}.Debug|Any CPU.Build.0 = Debug|Any CPU
		{620F84A1-6262-4B46-A142-0706D1422610}.Release|Any CPU.ActiveCfg = Release|Any CPU
		{620F84A1-6262-4B46-A142-0706D1422610}.Release|Any CPU.Build.0 = Release|Any CPU
		{2C15CFD6-1C3B-4B5F-8DC8-8A1DA1A4782A}.Debug|Any CPU.ActiveCfg = Debug|Any CPU
		{2C15CFD6-1C3B-4B5F-8DC8-8A1DA1A4782A}.Debug|Any CPU.Build.0 = Debug|Any CPU
		{2C15CFD6-1C3B-4B5F-8DC8-8A1DA1A4782A}.Release|Any CPU.ActiveCfg = Release|Any CPU
		{2C15CFD6-1C3B-4B5F-8DC8-8A1DA1A4782A}.Release|Any CPU.Build.0 = Release|Any CPU
		{9017C24D-C6EE-423F-81E5-6D45D69BE7D1}.Debug|Any CPU.ActiveCfg = Debug|Any CPU
		{9017C24D-C6EE-423F-81E5-6D45D69BE7D1}.Debug|Any CPU.Build.0 = Debug|Any CPU
		{9017C24D-C6EE-423F-81E5-6D45D69BE7D1}.Release|Any CPU.ActiveCfg = Release|Any CPU
		{9017C24D-C6EE-423F-81E5-6D45D69BE7D1}.Release|Any CPU.Build.0 = Release|Any CPU
		{030203F7-B90B-488C-A873-83E0C562D48D}.Debug|Any CPU.ActiveCfg = Debug|Any CPU
		{030203F7-B90B-488C-A873-83E0C562D48D}.Debug|Any CPU.Build.0 = Debug|Any CPU
		{030203F7-B90B-488C-A873-83E0C562D48D}.Release|Any CPU.ActiveCfg = Release|Any CPU
		{030203F7-B90B-488C-A873-83E0C562D48D}.Release|Any CPU.Build.0 = Release|Any CPU
		{C43734AA-4C41-4D49-9EE8-358447097886}.Debug|Any CPU.ActiveCfg = Debug|Any CPU
		{C43734AA-4C41-4D49-9EE8-358447097886}.Debug|Any CPU.Build.0 = Debug|Any CPU
		{C43734AA-4C41-4D49-9EE8-358447097886}.Release|Any CPU.ActiveCfg = Release|Any CPU
		{C43734AA-4C41-4D49-9EE8-358447097886}.Release|Any CPU.Build.0 = Release|Any CPU
		{41FE6BB8-1885-4E29-8031-5393C49455E5}.Debug|Any CPU.ActiveCfg = Debug|Any CPU
		{41FE6BB8-1885-4E29-8031-5393C49455E5}.Debug|Any CPU.Build.0 = Debug|Any CPU
		{41FE6BB8-1885-4E29-8031-5393C49455E5}.Release|Any CPU.ActiveCfg = Release|Any CPU
		{41FE6BB8-1885-4E29-8031-5393C49455E5}.Release|Any CPU.Build.0 = Release|Any CPU
	EndGlobalSection
	GlobalSection(NestedProjects) = preSolution
		{3FA74A5C-E840-4E00-91BE-53F39647FC41} = {A3342A8F-3DE3-4B26-BB56-A153F2B5549A}
		{35508610-FB59-41B4-9813-23BD4457B29E} = {F19748E0-9C80-434C-99B0-57078197F41D}
		{620F84A1-6262-4B46-A142-0706D1422610} = {F19748E0-9C80-434C-99B0-57078197F41D}
		{2C15CFD6-1C3B-4B5F-8DC8-8A1DA1A4782A} = {2775A67B-5AAF-4F1B-A0C1-2E824CBCEC99}
		{9017C24D-C6EE-423F-81E5-6D45D69BE7D1} = {5E900151-7F2A-4AE7-A173-4D748524C3EB}
		{030203F7-B90B-488C-A873-83E0C562D48D} = {5E900151-7F2A-4AE7-A173-4D748524C3EB}
		{C43734AA-4C41-4D49-9EE8-358447097886} = {269FA1C3-0CF3-4856-91B3-69DAB3F788FE}
		{41FE6BB8-1885-4E29-8031-5393C49455E5} = {269FA1C3-0CF3-4856-91B3-69DAB3F788FE}
	EndGlobalSection
EndGlobal
